{
  "name": "@writetome51/array-get-indexes-of",
  "version": "3.0.1",
  "lockfileVersion": 1,
  "requires": true,
  "dependencies": {
    "@writetome51/array-append-prepend": {
      "version": "3.0.0",
      "resolved": "https://registry.npmjs.org/@writetome51/array-append-prepend/-/array-append-prepend-3.0.0.tgz",
      "integrity": "sha512-lgh1zL4f6m5VancP4ZeSYE/HwQ0hfP4k74tg6pWvj5sPJOlibw4BfSRGRKalAFITJqY0KmZb8RX2bECueE4ZHg=="
    },
    "@writetome51/is-array-not-array": {
      "version": "2.0.0",
      "resolved": "https://registry.npmjs.org/@writetome51/is-array-not-array/-/is-array-not-array-2.0.0.tgz",
      "integrity": "sha512-IVc3BgxLuBsSPzteYbwpgOYyqP0DjpIMsPbjSOrCeMAGvJhojLBiBkw/I70faMs6iuPalOklfGm60XcRU7aZ3g=="
    },
    "@writetome51/is-integer-is-float": {
      "version": "2.0.1",
      "resolved": "https://registry.npmjs.org/@writetome51/is-integer-is-float/-/is-integer-is-float-2.0.1.tgz",
      "integrity": "sha512-RfO1UDw/ROcwpx0pjGpWfRUOL+9UFz2nV+WSilWzznSZsKJzN7xPlLSH0JiTdhlUNG74CSg2pxpshFMpaEogxg=="
    },
    "@writetome51/is-match": {
      "version": "0.0.1",
      "resolved": "https://registry.npmjs.org/@writetome51/is-match/-/is-match-0.0.1.tgz",
      "integrity": "sha512-EWOl1ryC+CXEWt+EF+EGs99KgLPo/2ejwiCcYJgzmKhLx7WfQG9YEmq9ZzN32KtMeF6yfxDnwUzM7xiTk+GD2w==",
      "requires": {
        "@writetome51/is-array-not-array": "^2.0.0",
        "@writetome51/not": "^2.0.0"
      }
    },
    "@writetome51/not": {
      "version": "2.0.0",
      "resolved": "https://registry.npmjs.org/@writetome51/not/-/not-2.0.0.tgz",
      "integrity": "sha512-CS+S0XafZPStxI16/27TBIfQETu5JfvD9VPBbw7sr42Vjotv6q02IjtwLgfAVcjQlsj+IL5I+2Hs6uoI7kinmA=="
    },
    "error-if-not-array": {
      "version": "2.0.0",
      "resolved": "https://registry.npmjs.org/error-if-not-array/-/error-if-not-array-2.0.0.tgz",
      "integrity": "sha512-kBAYpWy9xGjELgGqmS2QPbRJPXfacAxBwgitXIwMEglY0p3C2p4++sf3uDszXaDoy4cwgGrFj+FkthsxQFh/ag=="
    },
    "error-if-not-integer": {
      "version": "2.0.1",
      "resolved": "https://registry.npmjs.org/error-if-not-integer/-/error-if-not-integer-2.0.1.tgz",
      "integrity": "sha512-ALEtf7K9/u/KB9c92fdFDba3kke7Z6sJ0IxN5DobI19PYyLRFwgcAUG0QDmjtgTwE9X9ZmV9YaiW8RsbrNr+bA==",
      "requires": {
        "@writetome51/is-integer-is-float": "^2.0.1"
      }
    }
  }
}
